// !$*UTF8*$!
{
	archiveVersion = 1;
	classes = {
	};
	objectVersion = 56;
	objects = {

/* Begin PBXBuildFile section */
		B80ADC6F2CC24105005AC520 /* NickNameDetailViewController.swift in Sources */ = {isa = PBXBuildFile; fileRef = B80ADC6E2CC24105005AC520 /* NickNameDetailViewController.swift */; };
		B80ADC712CC24123005AC520 /* NickNameMainViewController.swift in Sources */ = {isa = PBXBuildFile; fileRef = B80ADC702CC24123005AC520 /* NickNameMainViewController.swift */; };
		B80ADC732CC242BE005AC520 /* AppStoreTossMainViewController.swift in Sources */ = {isa = PBXBuildFile; fileRef = B80ADC722CC242BE005AC520 /* AppStoreTossMainViewController.swift */; };
		B80ADC762CC25A2C005AC520 /* SnapKit in Frameworks */ = {isa = PBXBuildFile; productRef = B80ADC752CC25A2C005AC520 /* SnapKit */; };
		B80ADC7A2CC35E3F005AC520 /* UIStackView+.swift in Sources */ = {isa = PBXBuildFile; fileRef = B80ADC792CC35E3F005AC520 /* UIStackView+.swift */; };
		B84036842CBC3389004AAAB4 /* UIView+.swift in Sources */ = {isa = PBXBuildFile; fileRef = B84036832CBC3389004AAAB4 /* UIView+.swift */; };
		B84C07F12CB7A0F500AFE373 /* AppDelegate.swift in Sources */ = {isa = PBXBuildFile; fileRef = B84C07F02CB7A0F500AFE373 /* AppDelegate.swift */; };
		B84C07F32CB7A0F500AFE373 /* SceneDelegate.swift in Sources */ = {isa = PBXBuildFile; fileRef = B84C07F22CB7A0F500AFE373 /* SceneDelegate.swift */; };
		B84C07FA2CB7A0F600AFE373 /* Assets.xcassets in Resources */ = {isa = PBXBuildFile; fileRef = B84C07F92CB7A0F600AFE373 /* Assets.xcassets */; };
		B84C07FD2CB7A0F600AFE373 /* Base in Resources */ = {isa = PBXBuildFile; fileRef = B84C07FC2CB7A0F600AFE373 /* Base */; };
		B84C08082CB7A0F600AFE373 /* AND_SOPT_iOSTests.swift in Sources */ = {isa = PBXBuildFile; fileRef = B84C08072CB7A0F600AFE373 /* AND_SOPT_iOSTests.swift */; };
		B84C08122CB7A0F600AFE373 /* AND_SOPT_iOSUITests.swift in Sources */ = {isa = PBXBuildFile; fileRef = B84C08112CB7A0F600AFE373 /* AND_SOPT_iOSUITests.swift */; };
		B84C08142CB7A0F600AFE373 /* AND_SOPT_iOSUITestsLaunchTests.swift in Sources */ = {isa = PBXBuildFile; fileRef = B84C08132CB7A0F600AFE373 /* AND_SOPT_iOSUITestsLaunchTests.swift */; };
		B85C18EC2CC820D800B40A88 /* VersionRecordViewController.swift in Sources */ = {isa = PBXBuildFile; fileRef = B85C18EB2CC820D800B40A88 /* VersionRecordViewController.swift */; };
		B85C18EE2CC820E400B40A88 /* AllReviewsViewController.swift in Sources */ = {isa = PBXBuildFile; fileRef = B85C18ED2CC820E400B40A88 /* AllReviewsViewController.swift */; };
		B86B14CB2CC9E0ED00E025AF /* AppInfoHeaderView.swift in Sources */ = {isa = PBXBuildFile; fileRef = B86B14CA2CC9E0ED00E025AF /* AppInfoHeaderView.swift */; };
		B86B14CD2CC9E29200E025AF /* AppInfoSummaryView.swift in Sources */ = {isa = PBXBuildFile; fileRef = B86B14CC2CC9E29200E025AF /* AppInfoSummaryView.swift */; };
		B86B14CF2CC9E2CD00E025AF /* NewNewsView.swift in Sources */ = {isa = PBXBuildFile; fileRef = B86B14CE2CC9E2CD00E025AF /* NewNewsView.swift */; };
		B86B14D12CC9E2F400E025AF /* PreviewImageView.swift in Sources */ = {isa = PBXBuildFile; fileRef = B86B14D02CC9E2F400E025AF /* PreviewImageView.swift */; };
		B86B14D32CC9E30E00E025AF /* AppDescriptionView.swift in Sources */ = {isa = PBXBuildFile; fileRef = B86B14D22CC9E30E00E025AF /* AppDescriptionView.swift */; };
		B86B14D52CC9E36F00E025AF /* RatingAndReviewView.swift in Sources */ = {isa = PBXBuildFile; fileRef = B86B14D42CC9E36F00E025AF /* RatingAndReviewView.swift */; };
		B888FFAF2CD2083B000A9D75 /* CartCellTableViewController.swift in Sources */ = {isa = PBXBuildFile; fileRef = B888FFAE2CD2083B000A9D75 /* CartCellTableViewController.swift */; };
		B888FFB12CD20843000A9D75 /* TableViewSeminarController.swift in Sources */ = {isa = PBXBuildFile; fileRef = B888FFB02CD20843000A9D75 /* TableViewSeminarController.swift */; };
		B888FFB62CD2084D000A9D75 /* PhotoViewController.swift in Sources */ = {isa = PBXBuildFile; fileRef = B888FFB42CD2084D000A9D75 /* PhotoViewController.swift */; };
		B888FFB72CD2084D000A9D75 /* Photo.swift in Sources */ = {isa = PBXBuildFile; fileRef = B888FFB22CD2084D000A9D75 /* Photo.swift */; };
		B888FFB82CD2084D000A9D75 /* PhotoCell.swift in Sources */ = {isa = PBXBuildFile; fileRef = B888FFB32CD2084D000A9D75 /* PhotoCell.swift */; };
		B888FFBE2CD2085B000A9D75 /* ChartController.swift in Sources */ = {isa = PBXBuildFile; fileRef = B888FFBB2CD2085B000A9D75 /* ChartController.swift */; };
		B888FFBF2CD2085B000A9D75 /* App.swift in Sources */ = {isa = PBXBuildFile; fileRef = B888FFB92CD2085B000A9D75 /* App.swift */; };
		B888FFC02CD2085B000A9D75 /* ChartCell.swift in Sources */ = {isa = PBXBuildFile; fileRef = B888FFBA2CD2085B000A9D75 /* ChartCell.swift */; };
		B888FFC12CD2085B000A9D75 /* DownloadState.swift in Sources */ = {isa = PBXBuildFile; fileRef = B888FFBC2CD2085B000A9D75 /* DownloadState.swift */; };
		B888FFC52CD22BC4000A9D75 /* Then in Frameworks */ = {isa = PBXBuildFile; productRef = B888FFC42CD22BC4000A9D75 /* Then */; };
		B888FFCA2CD24F10000A9D75 /* PreviewImage.swift in Sources */ = {isa = PBXBuildFile; fileRef = B888FFC92CD24F10000A9D75 /* PreviewImage.swift */; };
		B888FFCC2CD24FCF000A9D75 /* PreviewImageCell.swift in Sources */ = {isa = PBXBuildFile; fileRef = B888FFCB2CD24FCF000A9D75 /* PreviewImageCell.swift */; };
		B888FFD02CD25D53000A9D75 /* Review.swift in Sources */ = {isa = PBXBuildFile; fileRef = B888FFCF2CD25D53000A9D75 /* Review.swift */; };
		B888FFD22CD25EF6000A9D75 /* DeveloperResponse.swift in Sources */ = {isa = PBXBuildFile; fileRef = B888FFD12CD25EF6000A9D75 /* DeveloperResponse.swift */; };
		B888FFD42CD262AC000A9D75 /* ReviewCell.swift in Sources */ = {isa = PBXBuildFile; fileRef = B888FFD32CD262AC000A9D75 /* ReviewCell.swift */; };
		B888FFDA2CD296CC000A9D75 /* FinancialTabMainViewController.swift in Sources */ = {isa = PBXBuildFile; fileRef = B888FFD92CD296CC000A9D75 /* FinancialTabMainViewController.swift */; };
		B888FFDE2CD29757000A9D75 /* RecommendationView.swift in Sources */ = {isa = PBXBuildFile; fileRef = B888FFDD2CD29757000A9D75 /* RecommendationView.swift */; };
		B888FFE32CD29BC5000A9D75 /* Recommendation.swift in Sources */ = {isa = PBXBuildFile; fileRef = B888FFE22CD29BC5000A9D75 /* Recommendation.swift */; };
		B888FFE52CD2A07A000A9D75 /* RecommendationCell.swift in Sources */ = {isa = PBXBuildFile; fileRef = B888FFE42CD2A07A000A9D75 /* RecommendationCell.swift */; };
		B888FFE72CD36875000A9D75 /* EssentialFinancialView.swift in Sources */ = {isa = PBXBuildFile; fileRef = B888FFE62CD36875000A9D75 /* EssentialFinancialView.swift */; };
		B888FFE92CD37045000A9D75 /* EssentialFinancialApp.swift in Sources */ = {isa = PBXBuildFile; fileRef = B888FFE82CD37045000A9D75 /* EssentialFinancialApp.swift */; };
		B888FFED2CD37AF5000A9D75 /* EssentialFinancialCell.swift in Sources */ = {isa = PBXBuildFile; fileRef = B888FFEC2CD37AF5000A9D75 /* EssentialFinancialCell.swift */; };
		B888FFEF2CD3CF5B000A9D75 /* PaidChartView.swift in Sources */ = {isa = PBXBuildFile; fileRef = B888FFEE2CD3CF5B000A9D75 /* PaidChartView.swift */; };
		B888FFF12CD3CF8B000A9D75 /* RankingApp.swift in Sources */ = {isa = PBXBuildFile; fileRef = B888FFF02CD3CF8B000A9D75 /* RankingApp.swift */; };
		B888FFF32CD3D9CA000A9D75 /* RankAppCollectionCell.swift in Sources */ = {isa = PBXBuildFile; fileRef = B888FFF22CD3D9CA000A9D75 /* RankAppCollectionCell.swift */; };
		B888FFF52CD3E68A000A9D75 /* FreeChartView.swift in Sources */ = {isa = PBXBuildFile; fileRef = B888FFF42CD3E68A000A9D75 /* FreeChartView.swift */; };
		B888FFF72CD3FB8E000A9D75 /* ChartViewController.swift in Sources */ = {isa = PBXBuildFile; fileRef = B888FFF62CD3FB8E000A9D75 /* ChartViewController.swift */; };
		B888FFF92CD40BC5000A9D75 /* RankAppTableCell.swift in Sources */ = {isa = PBXBuildFile; fileRef = B888FFF82CD40BC5000A9D75 /* RankAppTableCell.swift */; };
		B8B491722CDE2426004AD42E /* AuthService.swift in Sources */ = {isa = PBXBuildFile; fileRef = B8B491712CDE2426004AD42E /* AuthService.swift */; };
		B8E1EC0B2CDCF5B500F5C341 /* TabBarController.swift in Sources */ = {isa = PBXBuildFile; fileRef = B8E1EC0A2CDCF5B500F5C341 /* TabBarController.swift */; };
		B8E1EC112CDCFB7300F5C341 /* HobbyViewController.swift in Sources */ = {isa = PBXBuildFile; fileRef = B8E1EC102CDCFB7300F5C341 /* HobbyViewController.swift */; };
		B8E1EC152CDD06FE00F5C341 /* Alamofire in Frameworks */ = {isa = PBXBuildFile; productRef = B8E1EC142CDD06FE00F5C341 /* Alamofire */; };
		B8E1EC192CDD0B5100F5C341 /* Environment.swift in Sources */ = {isa = PBXBuildFile; fileRef = B8E1EC182CDD0B5100F5C341 /* Environment.swift */; };
		B8E1EC1B2CDD0B6E00F5C341 /* NetworkError.swift in Sources */ = {isa = PBXBuildFile; fileRef = B8E1EC1A2CDD0B6E00F5C341 /* NetworkError.swift */; };
		B8E1EC1D2CDD0C7F00F5C341 /* SignUpRequest.swift in Sources */ = {isa = PBXBuildFile; fileRef = B8E1EC1C2CDD0C7F00F5C341 /* SignUpRequest.swift */; };
		B8E1EC282CDD0F5F00F5C341 /* UserService.swift in Sources */ = {isa = PBXBuildFile; fileRef = B8E1EC272CDD0F5F00F5C341 /* UserService.swift */; };
		B8E1EC2A2CDD0FB500F5C341 /* SignUpViewController.swift in Sources */ = {isa = PBXBuildFile; fileRef = B8E1EC292CDD0FB500F5C341 /* SignUpViewController.swift */; };
		B8E1EC2C2CDD10D100F5C341 /* SignUpView.swift in Sources */ = {isa = PBXBuildFile; fileRef = B8E1EC2B2CDD10D100F5C341 /* SignUpView.swift */; };
		B8E1EC2E2CDD1AA100F5C341 /* LoginRequest.swift in Sources */ = {isa = PBXBuildFile; fileRef = B8E1EC2D2CDD1AA100F5C341 /* LoginRequest.swift */; };
		B8E1EC332CDD1BCB00F5C341 /* LoginResponse.swift in Sources */ = {isa = PBXBuildFile; fileRef = B8E1EC322CDD1BCB00F5C341 /* LoginResponse.swift */; };
		B8E1EC352CDD211400F5C341 /* KeychainManager.swift in Sources */ = {isa = PBXBuildFile; fileRef = B8E1EC342CDD211400F5C341 /* KeychainManager.swift */; };
		B8E1EC372CDD231400F5C341 /* TokenResponse.swift in Sources */ = {isa = PBXBuildFile; fileRef = B8E1EC362CDD231400F5C341 /* TokenResponse.swift */; };
		B8E1EC3C2CDD24C400F5C341 /* LoginView.swift in Sources */ = {isa = PBXBuildFile; fileRef = B8E1EC3B2CDD24C400F5C341 /* LoginView.swift */; };
		B8E1EC3E2CDD24DD00F5C341 /* LoginViewController.swift in Sources */ = {isa = PBXBuildFile; fileRef = B8E1EC3D2CDD24DD00F5C341 /* LoginViewController.swift */; };
		B8E1EC402CDD28E400F5C341 /* NetworkUtils.swift in Sources */ = {isa = PBXBuildFile; fileRef = B8E1EC3F2CDD28E400F5C341 /* NetworkUtils.swift */; };
		B8E1EC422CDD2B2400F5C341 /* MyHobbyView.swift in Sources */ = {isa = PBXBuildFile; fileRef = B8E1EC412CDD2B2400F5C341 /* MyHobbyView.swift */; };
		B8E1EC462CDD352B00F5C341 /* HobbyResponse.swift in Sources */ = {isa = PBXBuildFile; fileRef = B8E1EC452CDD352B00F5C341 /* HobbyResponse.swift */; };
		B8E1EC492CDD356A00F5C341 /* MyHobbyService.swift in Sources */ = {isa = PBXBuildFile; fileRef = B8E1EC482CDD356A00F5C341 /* MyHobbyService.swift */; };
		B8E1EC4B2CDD385600F5C341 /* HobbyData.swift in Sources */ = {isa = PBXBuildFile; fileRef = B8E1EC4A2CDD385600F5C341 /* HobbyData.swift */; };
		B8E1EC4D2CDD396300F5C341 /* OtherHobbyView.swift in Sources */ = {isa = PBXBuildFile; fileRef = B8E1EC4C2CDD396300F5C341 /* OtherHobbyView.swift */; };
		B8E1EC4F2CDD41B600F5C341 /* OtherHobbyService.swift in Sources */ = {isa = PBXBuildFile; fileRef = B8E1EC4E2CDD41B600F5C341 /* OtherHobbyService.swift */; };
		B8E1EC512CDD4C6300F5C341 /* UserInfoUpdateRequest.swift in Sources */ = {isa = PBXBuildFile; fileRef = B8E1EC502CDD4C6300F5C341 /* UserInfoUpdateRequest.swift */; };
		B8E1EC542CDD4DE500F5C341 /* UserInfoUpdateView.swift in Sources */ = {isa = PBXBuildFile; fileRef = B8E1EC532CDD4DE500F5C341 /* UserInfoUpdateView.swift */; };
		B8E1EC582CDD5A4300F5C341 /* UserUpdateViewController.swift in Sources */ = {isa = PBXBuildFile; fileRef = B8E1EC572CDD5A4300F5C341 /* UserUpdateViewController.swift */; };
		B8E1EC5A2CDD5BA300F5C341 /* UserUpdateGuideView.swift in Sources */ = {isa = PBXBuildFile; fileRef = B8E1EC592CDD5BA300F5C341 /* UserUpdateGuideView.swift */; };
		B8EA8DDC2CD0A2A800E8AAD3 /* AppInfoText.swift in Sources */ = {isa = PBXBuildFile; fileRef = B8EA8DDB2CD0A2A800E8AAD3 /* AppInfoText.swift */; };
/* End PBXBuildFile section */

/* Begin PBXContainerItemProxy section */
		B84C08042CB7A0F600AFE373 /* PBXContainerItemProxy */ = {
			isa = PBXContainerItemProxy;
			containerPortal = B84C07E52CB7A0F500AFE373 /* Project object */;
			proxyType = 1;
			remoteGlobalIDString = B84C07EC2CB7A0F500AFE373;
			remoteInfo = "AND-SOPT-iOS";
		};
		B84C080E2CB7A0F600AFE373 /* PBXContainerItemProxy */ = {
			isa = PBXContainerItemProxy;
			containerPortal = B84C07E52CB7A0F500AFE373 /* Project object */;
			proxyType = 1;
			remoteGlobalIDString = B84C07EC2CB7A0F500AFE373;
			remoteInfo = "AND-SOPT-iOS";
		};
/* End PBXContainerItemProxy section */

/* Begin PBXFileReference section */
		B80ADC6E2CC24105005AC520 /* NickNameDetailViewController.swift */ = {isa = PBXFileReference; lastKnownFileType = sourcecode.swift; path = NickNameDetailViewController.swift; sourceTree = "<group>"; };
		B80ADC702CC24123005AC520 /* NickNameMainViewController.swift */ = {isa = PBXFileReference; lastKnownFileType = sourcecode.swift; path = NickNameMainViewController.swift; sourceTree = "<group>"; };
		B80ADC722CC242BE005AC520 /* AppStoreTossMainViewController.swift */ = {isa = PBXFileReference; lastKnownFileType = sourcecode.swift; path = AppStoreTossMainViewController.swift; sourceTree = "<group>"; };
		B80ADC792CC35E3F005AC520 /* UIStackView+.swift */ = {isa = PBXFileReference; lastKnownFileType = sourcecode.swift; path = "UIStackView+.swift"; sourceTree = "<group>"; };
		B84036832CBC3389004AAAB4 /* UIView+.swift */ = {isa = PBXFileReference; lastKnownFileType = sourcecode.swift; path = "UIView+.swift"; sourceTree = "<group>"; };
		B84C07ED2CB7A0F500AFE373 /* AND-SOPT-iOS.app */ = {isa = PBXFileReference; explicitFileType = wrapper.application; includeInIndex = 0; path = "AND-SOPT-iOS.app"; sourceTree = BUILT_PRODUCTS_DIR; };
		B84C07F02CB7A0F500AFE373 /* AppDelegate.swift */ = {isa = PBXFileReference; lastKnownFileType = sourcecode.swift; path = AppDelegate.swift; sourceTree = "<group>"; };
		B84C07F22CB7A0F500AFE373 /* SceneDelegate.swift */ = {isa = PBXFileReference; lastKnownFileType = sourcecode.swift; path = SceneDelegate.swift; sourceTree = "<group>"; };
		B84C07F92CB7A0F600AFE373 /* Assets.xcassets */ = {isa = PBXFileReference; lastKnownFileType = folder.assetcatalog; path = Assets.xcassets; sourceTree = "<group>"; };
		B84C07FC2CB7A0F600AFE373 /* Base */ = {isa = PBXFileReference; lastKnownFileType = file.storyboard; name = Base; path = Base.lproj/LaunchScreen.storyboard; sourceTree = "<group>"; };
		B84C07FE2CB7A0F600AFE373 /* Info.plist */ = {isa = PBXFileReference; lastKnownFileType = text.plist.xml; path = Info.plist; sourceTree = "<group>"; };
		B84C08032CB7A0F600AFE373 /* AND-SOPT-iOSTests.xctest */ = {isa = PBXFileReference; explicitFileType = wrapper.cfbundle; includeInIndex = 0; path = "AND-SOPT-iOSTests.xctest"; sourceTree = BUILT_PRODUCTS_DIR; };
		B84C08072CB7A0F600AFE373 /* AND_SOPT_iOSTests.swift */ = {isa = PBXFileReference; lastKnownFileType = sourcecode.swift; path = AND_SOPT_iOSTests.swift; sourceTree = "<group>"; };
		B84C080D2CB7A0F600AFE373 /* AND-SOPT-iOSUITests.xctest */ = {isa = PBXFileReference; explicitFileType = wrapper.cfbundle; includeInIndex = 0; path = "AND-SOPT-iOSUITests.xctest"; sourceTree = BUILT_PRODUCTS_DIR; };
		B84C08112CB7A0F600AFE373 /* AND_SOPT_iOSUITests.swift */ = {isa = PBXFileReference; lastKnownFileType = sourcecode.swift; path = AND_SOPT_iOSUITests.swift; sourceTree = "<group>"; };
		B84C08132CB7A0F600AFE373 /* AND_SOPT_iOSUITestsLaunchTests.swift */ = {isa = PBXFileReference; lastKnownFileType = sourcecode.swift; path = AND_SOPT_iOSUITestsLaunchTests.swift; sourceTree = "<group>"; };
		B85C18EB2CC820D800B40A88 /* VersionRecordViewController.swift */ = {isa = PBXFileReference; lastKnownFileType = sourcecode.swift; path = VersionRecordViewController.swift; sourceTree = "<group>"; };
		B85C18ED2CC820E400B40A88 /* AllReviewsViewController.swift */ = {isa = PBXFileReference; lastKnownFileType = sourcecode.swift; path = AllReviewsViewController.swift; sourceTree = "<group>"; };
		B86B14CA2CC9E0ED00E025AF /* AppInfoHeaderView.swift */ = {isa = PBXFileReference; lastKnownFileType = sourcecode.swift; path = AppInfoHeaderView.swift; sourceTree = "<group>"; };
		B86B14CC2CC9E29200E025AF /* AppInfoSummaryView.swift */ = {isa = PBXFileReference; lastKnownFileType = sourcecode.swift; path = AppInfoSummaryView.swift; sourceTree = "<group>"; };
		B86B14CE2CC9E2CD00E025AF /* NewNewsView.swift */ = {isa = PBXFileReference; lastKnownFileType = sourcecode.swift; path = NewNewsView.swift; sourceTree = "<group>"; };
		B86B14D02CC9E2F400E025AF /* PreviewImageView.swift */ = {isa = PBXFileReference; lastKnownFileType = sourcecode.swift; path = PreviewImageView.swift; sourceTree = "<group>"; };
		B86B14D22CC9E30E00E025AF /* AppDescriptionView.swift */ = {isa = PBXFileReference; lastKnownFileType = sourcecode.swift; path = AppDescriptionView.swift; sourceTree = "<group>"; };
		B86B14D42CC9E36F00E025AF /* RatingAndReviewView.swift */ = {isa = PBXFileReference; lastKnownFileType = sourcecode.swift; path = RatingAndReviewView.swift; sourceTree = "<group>"; };
		B888FFAE2CD2083B000A9D75 /* CartCellTableViewController.swift */ = {isa = PBXFileReference; lastKnownFileType = sourcecode.swift; path = CartCellTableViewController.swift; sourceTree = "<group>"; };
		B888FFB02CD20843000A9D75 /* TableViewSeminarController.swift */ = {isa = PBXFileReference; lastKnownFileType = sourcecode.swift; path = TableViewSeminarController.swift; sourceTree = "<group>"; };
		B888FFB22CD2084D000A9D75 /* Photo.swift */ = {isa = PBXFileReference; lastKnownFileType = sourcecode.swift; path = Photo.swift; sourceTree = "<group>"; };
		B888FFB32CD2084D000A9D75 /* PhotoCell.swift */ = {isa = PBXFileReference; lastKnownFileType = sourcecode.swift; path = PhotoCell.swift; sourceTree = "<group>"; };
		B888FFB42CD2084D000A9D75 /* PhotoViewController.swift */ = {isa = PBXFileReference; lastKnownFileType = sourcecode.swift; path = PhotoViewController.swift; sourceTree = "<group>"; };
		B888FFB92CD2085B000A9D75 /* App.swift */ = {isa = PBXFileReference; lastKnownFileType = sourcecode.swift; path = App.swift; sourceTree = "<group>"; };
		B888FFBA2CD2085B000A9D75 /* ChartCell.swift */ = {isa = PBXFileReference; lastKnownFileType = sourcecode.swift; path = ChartCell.swift; sourceTree = "<group>"; };
		B888FFBB2CD2085B000A9D75 /* ChartController.swift */ = {isa = PBXFileReference; lastKnownFileType = sourcecode.swift; path = ChartController.swift; sourceTree = "<group>"; };
		B888FFBC2CD2085B000A9D75 /* DownloadState.swift */ = {isa = PBXFileReference; lastKnownFileType = sourcecode.swift; path = DownloadState.swift; sourceTree = "<group>"; };
		B888FFC92CD24F10000A9D75 /* PreviewImage.swift */ = {isa = PBXFileReference; lastKnownFileType = sourcecode.swift; path = PreviewImage.swift; sourceTree = "<group>"; };
		B888FFCB2CD24FCF000A9D75 /* PreviewImageCell.swift */ = {isa = PBXFileReference; lastKnownFileType = sourcecode.swift; path = PreviewImageCell.swift; sourceTree = "<group>"; };
		B888FFCF2CD25D53000A9D75 /* Review.swift */ = {isa = PBXFileReference; lastKnownFileType = sourcecode.swift; path = Review.swift; sourceTree = "<group>"; };
		B888FFD12CD25EF6000A9D75 /* DeveloperResponse.swift */ = {isa = PBXFileReference; lastKnownFileType = sourcecode.swift; path = DeveloperResponse.swift; sourceTree = "<group>"; };
		B888FFD32CD262AC000A9D75 /* ReviewCell.swift */ = {isa = PBXFileReference; lastKnownFileType = sourcecode.swift; path = ReviewCell.swift; sourceTree = "<group>"; };
		B888FFD92CD296CC000A9D75 /* FinancialTabMainViewController.swift */ = {isa = PBXFileReference; lastKnownFileType = sourcecode.swift; path = FinancialTabMainViewController.swift; sourceTree = "<group>"; };
		B888FFDD2CD29757000A9D75 /* RecommendationView.swift */ = {isa = PBXFileReference; lastKnownFileType = sourcecode.swift; path = RecommendationView.swift; sourceTree = "<group>"; };
		B888FFE22CD29BC5000A9D75 /* Recommendation.swift */ = {isa = PBXFileReference; lastKnownFileType = sourcecode.swift; path = Recommendation.swift; sourceTree = "<group>"; };
		B888FFE42CD2A07A000A9D75 /* RecommendationCell.swift */ = {isa = PBXFileReference; lastKnownFileType = sourcecode.swift; path = RecommendationCell.swift; sourceTree = "<group>"; };
		B888FFE62CD36875000A9D75 /* EssentialFinancialView.swift */ = {isa = PBXFileReference; lastKnownFileType = sourcecode.swift; path = EssentialFinancialView.swift; sourceTree = "<group>"; };
		B888FFE82CD37045000A9D75 /* EssentialFinancialApp.swift */ = {isa = PBXFileReference; lastKnownFileType = sourcecode.swift; path = EssentialFinancialApp.swift; sourceTree = "<group>"; };
		B888FFEC2CD37AF5000A9D75 /* EssentialFinancialCell.swift */ = {isa = PBXFileReference; lastKnownFileType = sourcecode.swift; path = EssentialFinancialCell.swift; sourceTree = "<group>"; };
		B888FFEE2CD3CF5B000A9D75 /* PaidChartView.swift */ = {isa = PBXFileReference; lastKnownFileType = sourcecode.swift; path = PaidChartView.swift; sourceTree = "<group>"; };
		B888FFF02CD3CF8B000A9D75 /* RankingApp.swift */ = {isa = PBXFileReference; lastKnownFileType = sourcecode.swift; path = RankingApp.swift; sourceTree = "<group>"; };
		B888FFF22CD3D9CA000A9D75 /* RankAppCollectionCell.swift */ = {isa = PBXFileReference; lastKnownFileType = sourcecode.swift; path = RankAppCollectionCell.swift; sourceTree = "<group>"; };
		B888FFF42CD3E68A000A9D75 /* FreeChartView.swift */ = {isa = PBXFileReference; lastKnownFileType = sourcecode.swift; path = FreeChartView.swift; sourceTree = "<group>"; };
		B888FFF62CD3FB8E000A9D75 /* ChartViewController.swift */ = {isa = PBXFileReference; lastKnownFileType = sourcecode.swift; path = ChartViewController.swift; sourceTree = "<group>"; };
		B888FFF82CD40BC5000A9D75 /* RankAppTableCell.swift */ = {isa = PBXFileReference; lastKnownFileType = sourcecode.swift; path = RankAppTableCell.swift; sourceTree = "<group>"; };
		B8B491712CDE2426004AD42E /* AuthService.swift */ = {isa = PBXFileReference; lastKnownFileType = sourcecode.swift; path = AuthService.swift; sourceTree = "<group>"; };
		B8E1EC0A2CDCF5B500F5C341 /* TabBarController.swift */ = {isa = PBXFileReference; lastKnownFileType = sourcecode.swift; path = TabBarController.swift; sourceTree = "<group>"; };
		B8E1EC102CDCFB7300F5C341 /* HobbyViewController.swift */ = {isa = PBXFileReference; lastKnownFileType = sourcecode.swift; path = HobbyViewController.swift; sourceTree = "<group>"; };
		B8E1EC162CDD098500F5C341 /* Config.xcconfig */ = {isa = PBXFileReference; lastKnownFileType = text.xcconfig; path = Config.xcconfig; sourceTree = "<group>"; };
		B8E1EC182CDD0B5100F5C341 /* Environment.swift */ = {isa = PBXFileReference; lastKnownFileType = sourcecode.swift; path = Environment.swift; sourceTree = "<group>"; };
		B8E1EC1A2CDD0B6E00F5C341 /* NetworkError.swift */ = {isa = PBXFileReference; lastKnownFileType = sourcecode.swift; path = NetworkError.swift; sourceTree = "<group>"; };
		B8E1EC1C2CDD0C7F00F5C341 /* SignUpRequest.swift */ = {isa = PBXFileReference; lastKnownFileType = sourcecode.swift; path = SignUpRequest.swift; sourceTree = "<group>"; };
		B8E1EC272CDD0F5F00F5C341 /* UserService.swift */ = {isa = PBXFileReference; lastKnownFileType = sourcecode.swift; path = UserService.swift; sourceTree = "<group>"; };
		B8E1EC292CDD0FB500F5C341 /* SignUpViewController.swift */ = {isa = PBXFileReference; lastKnownFileType = sourcecode.swift; path = SignUpViewController.swift; sourceTree = "<group>"; };
		B8E1EC2B2CDD10D100F5C341 /* SignUpView.swift */ = {isa = PBXFileReference; lastKnownFileType = sourcecode.swift; path = SignUpView.swift; sourceTree = "<group>"; };
		B8E1EC2D2CDD1AA100F5C341 /* LoginRequest.swift */ = {isa = PBXFileReference; lastKnownFileType = sourcecode.swift; path = LoginRequest.swift; sourceTree = "<group>"; };
		B8E1EC322CDD1BCB00F5C341 /* LoginResponse.swift */ = {isa = PBXFileReference; lastKnownFileType = sourcecode.swift; path = LoginResponse.swift; sourceTree = "<group>"; };
		B8E1EC342CDD211400F5C341 /* KeychainManager.swift */ = {isa = PBXFileReference; lastKnownFileType = sourcecode.swift; path = KeychainManager.swift; sourceTree = "<group>"; };
		B8E1EC362CDD231400F5C341 /* TokenResponse.swift */ = {isa = PBXFileReference; lastKnownFileType = sourcecode.swift; path = TokenResponse.swift; sourceTree = "<group>"; };
		B8E1EC3B2CDD24C400F5C341 /* LoginView.swift */ = {isa = PBXFileReference; lastKnownFileType = sourcecode.swift; path = LoginView.swift; sourceTree = "<group>"; };
		B8E1EC3D2CDD24DD00F5C341 /* LoginViewController.swift */ = {isa = PBXFileReference; lastKnownFileType = sourcecode.swift; path = LoginViewController.swift; sourceTree = "<group>"; };
		B8E1EC3F2CDD28E400F5C341 /* NetworkUtils.swift */ = {isa = PBXFileReference; lastKnownFileType = sourcecode.swift; path = NetworkUtils.swift; sourceTree = "<group>"; };
		B8E1EC412CDD2B2400F5C341 /* MyHobbyView.swift */ = {isa = PBXFileReference; lastKnownFileType = sourcecode.swift; path = MyHobbyView.swift; sourceTree = "<group>"; };
		B8E1EC452CDD352B00F5C341 /* HobbyResponse.swift */ = {isa = PBXFileReference; lastKnownFileType = sourcecode.swift; path = HobbyResponse.swift; sourceTree = "<group>"; };
		B8E1EC482CDD356A00F5C341 /* MyHobbyService.swift */ = {isa = PBXFileReference; lastKnownFileType = sourcecode.swift; path = MyHobbyService.swift; sourceTree = "<group>"; };
		B8E1EC4A2CDD385600F5C341 /* HobbyData.swift */ = {isa = PBXFileReference; lastKnownFileType = sourcecode.swift; path = HobbyData.swift; sourceTree = "<group>"; };
		B8E1EC4C2CDD396300F5C341 /* OtherHobbyView.swift */ = {isa = PBXFileReference; lastKnownFileType = sourcecode.swift; path = OtherHobbyView.swift; sourceTree = "<group>"; };
		B8E1EC4E2CDD41B600F5C341 /* OtherHobbyService.swift */ = {isa = PBXFileReference; lastKnownFileType = sourcecode.swift; path = OtherHobbyService.swift; sourceTree = "<group>"; };
		B8E1EC502CDD4C6300F5C341 /* UserInfoUpdateRequest.swift */ = {isa = PBXFileReference; lastKnownFileType = sourcecode.swift; path = UserInfoUpdateRequest.swift; sourceTree = "<group>"; };
		B8E1EC532CDD4DE500F5C341 /* UserInfoUpdateView.swift */ = {isa = PBXFileReference; lastKnownFileType = sourcecode.swift; path = UserInfoUpdateView.swift; sourceTree = "<group>"; };
		B8E1EC572CDD5A4300F5C341 /* UserUpdateViewController.swift */ = {isa = PBXFileReference; lastKnownFileType = sourcecode.swift; path = UserUpdateViewController.swift; sourceTree = "<group>"; };
		B8E1EC592CDD5BA300F5C341 /* UserUpdateGuideView.swift */ = {isa = PBXFileReference; lastKnownFileType = sourcecode.swift; path = UserUpdateGuideView.swift; sourceTree = "<group>"; };
		B8EA8DDB2CD0A2A800E8AAD3 /* AppInfoText.swift */ = {isa = PBXFileReference; lastKnownFileType = sourcecode.swift; path = AppInfoText.swift; sourceTree = "<group>"; };
/* End PBXFileReference section */

/* Begin PBXFrameworksBuildPhase section */
		B84C07EA2CB7A0F500AFE373 /* Frameworks */ = {
			isa = PBXFrameworksBuildPhase;
			buildActionMask = 2147483647;
			files = (
				B8E1EC152CDD06FE00F5C341 /* Alamofire in Frameworks */,
				B80ADC762CC25A2C005AC520 /* SnapKit in Frameworks */,
				B888FFC52CD22BC4000A9D75 /* Then in Frameworks */,
			);
			runOnlyForDeploymentPostprocessing = 0;
		};
		B84C08002CB7A0F600AFE373 /* Frameworks */ = {
			isa = PBXFrameworksBuildPhase;
			buildActionMask = 2147483647;
			files = (
			);
			runOnlyForDeploymentPostprocessing = 0;
		};
		B84C080A2CB7A0F600AFE373 /* Frameworks */ = {
			isa = PBXFrameworksBuildPhase;
			buildActionMask = 2147483647;
			files = (
			);
			runOnlyForDeploymentPostprocessing = 0;
		};
/* End PBXFrameworksBuildPhase section */

/* Begin PBXGroup section */
		B80ADC6A2CC23B55005AC520 /* Application */ = {
			isa = PBXGroup;
			children = (
				B84C07F02CB7A0F500AFE373 /* AppDelegate.swift */,
				B84C07F22CB7A0F500AFE373 /* SceneDelegate.swift */,
			);
			path = Application;
			sourceTree = "<group>";
		};
		B80ADC6C2CC240D7005AC520 /* Seminar */ = {
			isa = PBXGroup;
			children = (
				B888FFAD2CD20821000A9D75 /* Week03 */,
				B80ADC6D2CC240DC005AC520 /* Week02 */,
			);
			path = Seminar;
			sourceTree = "<group>";
		};
		B80ADC6D2CC240DC005AC520 /* Week02 */ = {
			isa = PBXGroup;
			children = (
				B80ADC6E2CC24105005AC520 /* NickNameDetailViewController.swift */,
				B80ADC702CC24123005AC520 /* NickNameMainViewController.swift */,
			);
			path = Week02;
			sourceTree = "<group>";
		};
		B84036812CBC32B7004AAAB4 /* Global */ = {
			isa = PBXGroup;
			children = (
				B8E1EC0D2CDCF69C00F5C341 /* TabBar */,
				B8E1EC0C2CDCF68000F5C341 /* Extension */,
			);
			path = Global;
			sourceTree = "<group>";
		};
		B84C07E42CB7A0F500AFE373 = {
			isa = PBXGroup;
			children = (
				B84C07EF2CB7A0F500AFE373 /* AND-SOPT-iOS */,
				B84C08062CB7A0F600AFE373 /* AND-SOPT-iOSTests */,
				B84C08102CB7A0F600AFE373 /* AND-SOPT-iOSUITests */,
				B84C07EE2CB7A0F500AFE373 /* Products */,
			);
			sourceTree = "<group>";
		};
		B84C07EE2CB7A0F500AFE373 /* Products */ = {
			isa = PBXGroup;
			children = (
				B84C07ED2CB7A0F500AFE373 /* AND-SOPT-iOS.app */,
				B84C08032CB7A0F600AFE373 /* AND-SOPT-iOSTests.xctest */,
				B84C080D2CB7A0F600AFE373 /* AND-SOPT-iOSUITests.xctest */,
			);
			name = Products;
			sourceTree = "<group>";
		};
		B84C07EF2CB7A0F500AFE373 /* AND-SOPT-iOS */ = {
			isa = PBXGroup;
			children = (
				B8E1EC172CDD0B2C00F5C341 /* Network */,
				B888FFFA2CD424A5000A9D75 /* Presentation */,
				B84C07FE2CB7A0F600AFE373 /* Info.plist */,
				B84C07F92CB7A0F600AFE373 /* Assets.xcassets */,
				B80ADC6A2CC23B55005AC520 /* Application */,
				B84036812CBC32B7004AAAB4 /* Global */,
				B84C07FB2CB7A0F600AFE373 /* LaunchScreen.storyboard */,
				B80ADC6C2CC240D7005AC520 /* Seminar */,
				B8E1EC162CDD098500F5C341 /* Config.xcconfig */,
			);
			path = "AND-SOPT-iOS";
			sourceTree = "<group>";
		};
		B84C08062CB7A0F600AFE373 /* AND-SOPT-iOSTests */ = {
			isa = PBXGroup;
			children = (
				B84C08072CB7A0F600AFE373 /* AND_SOPT_iOSTests.swift */,
			);
			path = "AND-SOPT-iOSTests";
			sourceTree = "<group>";
		};
		B84C08102CB7A0F600AFE373 /* AND-SOPT-iOSUITests */ = {
			isa = PBXGroup;
			children = (
				B84C08112CB7A0F600AFE373 /* AND_SOPT_iOSUITests.swift */,
				B84C08132CB7A0F600AFE373 /* AND_SOPT_iOSUITestsLaunchTests.swift */,
			);
			path = "AND-SOPT-iOSUITests";
			sourceTree = "<group>";
		};
		B86B14C92CC9DD9E00E025AF /* View */ = {
			isa = PBXGroup;
			children = (
				B86B14CA2CC9E0ED00E025AF /* AppInfoHeaderView.swift */,
				B86B14CC2CC9E29200E025AF /* AppInfoSummaryView.swift */,
				B86B14CE2CC9E2CD00E025AF /* NewNewsView.swift */,
				B86B14D02CC9E2F400E025AF /* PreviewImageView.swift */,
				B86B14D22CC9E30E00E025AF /* AppDescriptionView.swift */,
				B86B14D42CC9E36F00E025AF /* RatingAndReviewView.swift */,
			);
			path = View;
			sourceTree = "<group>";
		};
		B88800012CD42D06000A9D75 /* FinancialTab */ = {
			isa = PBXGroup;
			children = (
				B888FFD92CD296CC000A9D75 /* FinancialTabMainViewController.swift */,
				B888FFF62CD3FB8E000A9D75 /* ChartViewController.swift */,
				B888FFD82CD29697000A9D75 /* View */,
				B888FFE02CD299D7000A9D75 /* Cell */,
				B888FFE12CD29BB1000A9D75 /* Model */,
			);
			path = FinancialTab;
			sourceTree = "<group>";
		};
		B88800022CD42D38000A9D75 /* Cell */ = {
			isa = PBXGroup;
			children = (
				B888FFCB2CD24FCF000A9D75 /* PreviewImageCell.swift */,
				B888FFD32CD262AC000A9D75 /* ReviewCell.swift */,
			);
			path = Cell;
			sourceTree = "<group>";
		};
		B888FFAD2CD20821000A9D75 /* Week03 */ = {
			isa = PBXGroup;
			children = (
				B888FFBD2CD2085B000A9D75 /* TableView */,
				B888FFB52CD2084D000A9D75 /* CollectionView */,
				B888FFAE2CD2083B000A9D75 /* CartCellTableViewController.swift */,
				B888FFB02CD20843000A9D75 /* TableViewSeminarController.swift */,
			);
			path = Week03;
			sourceTree = "<group>";
		};
		B888FFB52CD2084D000A9D75 /* CollectionView */ = {
			isa = PBXGroup;
			children = (
				B888FFB22CD2084D000A9D75 /* Photo.swift */,
				B888FFB32CD2084D000A9D75 /* PhotoCell.swift */,
				B888FFB42CD2084D000A9D75 /* PhotoViewController.swift */,
			);
			path = CollectionView;
			sourceTree = "<group>";
		};
		B888FFBD2CD2085B000A9D75 /* TableView */ = {
			isa = PBXGroup;
			children = (
				B888FFB92CD2085B000A9D75 /* App.swift */,
				B888FFBA2CD2085B000A9D75 /* ChartCell.swift */,
				B888FFBB2CD2085B000A9D75 /* ChartController.swift */,
				B888FFBC2CD2085B000A9D75 /* DownloadState.swift */,
			);
			path = TableView;
			sourceTree = "<group>";
		};
		B888FFCE2CD25AD4000A9D75 /* Model */ = {
			isa = PBXGroup;
			children = (
				B888FFC92CD24F10000A9D75 /* PreviewImage.swift */,
				B888FFCF2CD25D53000A9D75 /* Review.swift */,
				B888FFD12CD25EF6000A9D75 /* DeveloperResponse.swift */,
			);
			path = Model;
			sourceTree = "<group>";
		};
		B888FFD82CD29697000A9D75 /* View */ = {
			isa = PBXGroup;
			children = (
				B888FFDD2CD29757000A9D75 /* RecommendationView.swift */,
				B888FFE62CD36875000A9D75 /* EssentialFinancialView.swift */,
				B888FFEE2CD3CF5B000A9D75 /* PaidChartView.swift */,
				B888FFF42CD3E68A000A9D75 /* FreeChartView.swift */,
			);
			path = View;
			sourceTree = "<group>";
		};
		B888FFE02CD299D7000A9D75 /* Cell */ = {
			isa = PBXGroup;
			children = (
				B888FFE42CD2A07A000A9D75 /* RecommendationCell.swift */,
				B888FFEC2CD37AF5000A9D75 /* EssentialFinancialCell.swift */,
				B888FFF22CD3D9CA000A9D75 /* RankAppCollectionCell.swift */,
				B888FFF82CD40BC5000A9D75 /* RankAppTableCell.swift */,
			);
			path = Cell;
			sourceTree = "<group>";
		};
		B888FFE12CD29BB1000A9D75 /* Model */ = {
			isa = PBXGroup;
			children = (
				B888FFE22CD29BC5000A9D75 /* Recommendation.swift */,
				B888FFE82CD37045000A9D75 /* EssentialFinancialApp.swift */,
				B888FFF02CD3CF8B000A9D75 /* RankingApp.swift */,
			);
			path = Model;
			sourceTree = "<group>";
		};
		B888FFFA2CD424A5000A9D75 /* Presentation */ = {
			isa = PBXGroup;
			children = (
				B8E1EC382CDD249400F5C341 /* ServerTab */,
				B88800012CD42D06000A9D75 /* FinancialTab */,
				B888FFFF2CD42CD2000A9D75 /* AppDetail */,
			);
			path = Presentation;
			sourceTree = "<group>";
		};
		B888FFFF2CD42CD2000A9D75 /* AppDetail */ = {
			isa = PBXGroup;
			children = (
				B86B14C92CC9DD9E00E025AF /* View */,
				B888FFCE2CD25AD4000A9D75 /* Model */,
				B88800022CD42D38000A9D75 /* Cell */,
				B80ADC722CC242BE005AC520 /* AppStoreTossMainViewController.swift */,
				B85C18EB2CC820D800B40A88 /* VersionRecordViewController.swift */,
				B85C18ED2CC820E400B40A88 /* AllReviewsViewController.swift */,
				B8EA8DDA2CD0A28200E8AAD3 /* Text */,
			);
			path = AppDetail;
			sourceTree = "<group>";
		};
		B8E1EC0C2CDCF68000F5C341 /* Extension */ = {
			isa = PBXGroup;
			children = (
				B84036832CBC3389004AAAB4 /* UIView+.swift */,
				B80ADC792CC35E3F005AC520 /* UIStackView+.swift */,
			);
			path = Extension;
			sourceTree = "<group>";
		};
		B8E1EC0D2CDCF69C00F5C341 /* TabBar */ = {
			isa = PBXGroup;
			children = (
				B8E1EC0A2CDCF5B500F5C341 /* TabBarController.swift */,
			);
			path = TabBar;
			sourceTree = "<group>";
		};
		B8E1EC0F2CDCFB4A00F5C341 /* Hobby */ = {
			isa = PBXGroup;
			children = (
				B8E1EC122CDD05B700F5C341 /* View */,
				B8E1EC102CDCFB7300F5C341 /* HobbyViewController.swift */,
			);
			path = Hobby;
			sourceTree = "<group>";
		};
		B8E1EC122CDD05B700F5C341 /* View */ = {
			isa = PBXGroup;
			children = (
				B8E1EC412CDD2B2400F5C341 /* MyHobbyView.swift */,
				B8E1EC4C2CDD396300F5C341 /* OtherHobbyView.swift */,
				B8E1EC592CDD5BA300F5C341 /* UserUpdateGuideView.swift */,
			);
			path = View;
			sourceTree = "<group>";
		};
		B8E1EC172CDD0B2C00F5C341 /* Network */ = {
			isa = PBXGroup;
			children = (
				B8E1EC242CDD0E5D00F5C341 /* API */,
				B8E1EC1E2CDD0CB700F5C341 /* DTO */,
				B8E1EC182CDD0B5100F5C341 /* Environment.swift */,
				B8E1EC1A2CDD0B6E00F5C341 /* NetworkError.swift */,
				B8E1EC342CDD211400F5C341 /* KeychainManager.swift */,
				B8E1EC3F2CDD28E400F5C341 /* NetworkUtils.swift */,
			);
			path = Network;
			sourceTree = "<group>";
		};
		B8E1EC1E2CDD0CB700F5C341 /* DTO */ = {
			isa = PBXGroup;
			children = (
				B8E1EC232CDD0DA800F5C341 /* Response */,
				B8E1EC222CDD0DA100F5C341 /* Request */,
			);
			path = DTO;
			sourceTree = "<group>";
		};
		B8E1EC1F2CDD0CCA00F5C341 /* SignUp */ = {
			isa = PBXGroup;
			children = (
				B8E1EC202CDD0CD400F5C341 /* View */,
				B8E1EC292CDD0FB500F5C341 /* SignUpViewController.swift */,
			);
			path = SignUp;
			sourceTree = "<group>";
		};
		B8E1EC202CDD0CD400F5C341 /* View */ = {
			isa = PBXGroup;
			children = (
				B8E1EC2B2CDD10D100F5C341 /* SignUpView.swift */,
			);
			path = View;
			sourceTree = "<group>";
		};
		B8E1EC222CDD0DA100F5C341 /* Request */ = {
			isa = PBXGroup;
			children = (
				B8E1EC252CDD0EE800F5C341 /* Users */,
			);
			path = Request;
			sourceTree = "<group>";
		};
		B8E1EC232CDD0DA800F5C341 /* Response */ = {
			isa = PBXGroup;
			children = (
				B8E1EC432CDD34E200F5C341 /* Hobby */,
				B8E1EC312CDD1BC000F5C341 /* Users */,
			);
			path = Response;
			sourceTree = "<group>";
		};
		B8E1EC242CDD0E5D00F5C341 /* API */ = {
			isa = PBXGroup;
			children = (
				B8E1EC472CDD355500F5C341 /* Hobby */,
				B8E1EC262CDD0F4F00F5C341 /* Users */,
			);
			path = API;
			sourceTree = "<group>";
		};
		B8E1EC252CDD0EE800F5C341 /* Users */ = {
			isa = PBXGroup;
			children = (
				B8E1EC1C2CDD0C7F00F5C341 /* SignUpRequest.swift */,
				B8E1EC2D2CDD1AA100F5C341 /* LoginRequest.swift */,
				B8E1EC502CDD4C6300F5C341 /* UserInfoUpdateRequest.swift */,
			);
			path = Users;
			sourceTree = "<group>";
		};
		B8E1EC262CDD0F4F00F5C341 /* Users */ = {
			isa = PBXGroup;
			children = (
				B8E1EC272CDD0F5F00F5C341 /* UserService.swift */,
				B8B491712CDE2426004AD42E /* AuthService.swift */,
			);
			path = Users;
			sourceTree = "<group>";
		};
		B8E1EC312CDD1BC000F5C341 /* Users */ = {
			isa = PBXGroup;
			children = (
				B8E1EC322CDD1BCB00F5C341 /* LoginResponse.swift */,
				B8E1EC362CDD231400F5C341 /* TokenResponse.swift */,
			);
			path = Users;
			sourceTree = "<group>";
		};
		B8E1EC382CDD249400F5C341 /* ServerTab */ = {
			isa = PBXGroup;
			children = (
				B8E1EC552CDD5A0F00F5C341 /* UserInfoUpdate */,
				B8E1EC392CDD24A800F5C341 /* Login */,
				B8E1EC0F2CDCFB4A00F5C341 /* Hobby */,
				B8E1EC1F2CDD0CCA00F5C341 /* SignUp */,
			);
			path = ServerTab;
			sourceTree = "<group>";
		};
		B8E1EC392CDD24A800F5C341 /* Login */ = {
			isa = PBXGroup;
			children = (
				B8E1EC3A2CDD24B500F5C341 /* View */,
				B8E1EC3D2CDD24DD00F5C341 /* LoginViewController.swift */,
			);
			path = Login;
			sourceTree = "<group>";
		};
		B8E1EC3A2CDD24B500F5C341 /* View */ = {
			isa = PBXGroup;
			children = (
				B8E1EC3B2CDD24C400F5C341 /* LoginView.swift */,
			);
			path = View;
			sourceTree = "<group>";
		};
		B8E1EC432CDD34E200F5C341 /* Hobby */ = {
			isa = PBXGroup;
			children = (
				B8E1EC452CDD352B00F5C341 /* HobbyResponse.swift */,
				B8E1EC4A2CDD385600F5C341 /* HobbyData.swift */,
			);
			path = Hobby;
			sourceTree = "<group>";
		};
		B8E1EC472CDD355500F5C341 /* Hobby */ = {
			isa = PBXGroup;
			children = (
				B8E1EC482CDD356A00F5C341 /* MyHobbyService.swift */,
				B8E1EC4E2CDD41B600F5C341 /* OtherHobbyService.swift */,
			);
			path = Hobby;
			sourceTree = "<group>";
		};
		B8E1EC552CDD5A0F00F5C341 /* UserInfoUpdate */ = {
			isa = PBXGroup;
			children = (
				B8E1EC562CDD5A2100F5C341 /* View */,
				B8E1EC572CDD5A4300F5C341 /* UserUpdateViewController.swift */,
			);
			path = UserInfoUpdate;
			sourceTree = "<group>";
		};
		B8E1EC562CDD5A2100F5C341 /* View */ = {
			isa = PBXGroup;
			children = (
				B8E1EC532CDD4DE500F5C341 /* UserInfoUpdateView.swift */,
			);
			path = View;
			sourceTree = "<group>";
		};
		B8EA8DDA2CD0A28200E8AAD3 /* Text */ = {
			isa = PBXGroup;
			children = (
				B8EA8DDB2CD0A2A800E8AAD3 /* AppInfoText.swift */,
			);
			path = Text;
			sourceTree = "<group>";
		};
/* End PBXGroup section */

/* Begin PBXNativeTarget section */
		B84C07EC2CB7A0F500AFE373 /* AND-SOPT-iOS */ = {
			isa = PBXNativeTarget;
			buildConfigurationList = B84C08172CB7A0F600AFE373 /* Build configuration list for PBXNativeTarget "AND-SOPT-iOS" */;
			buildPhases = (
				B84C07E92CB7A0F500AFE373 /* Sources */,
				B84C07EA2CB7A0F500AFE373 /* Frameworks */,
				B84C07EB2CB7A0F500AFE373 /* Resources */,
			);
			buildRules = (
			);
			dependencies = (
			);
			name = "AND-SOPT-iOS";
			productName = "AND-SOPT-iOS";
			productReference = B84C07ED2CB7A0F500AFE373 /* AND-SOPT-iOS.app */;
			productType = "com.apple.product-type.application";
		};
		B84C08022CB7A0F600AFE373 /* AND-SOPT-iOSTests */ = {
			isa = PBXNativeTarget;
			buildConfigurationList = B84C081A2CB7A0F600AFE373 /* Build configuration list for PBXNativeTarget "AND-SOPT-iOSTests" */;
			buildPhases = (
				B84C07FF2CB7A0F600AFE373 /* Sources */,
				B84C08002CB7A0F600AFE373 /* Frameworks */,
				B84C08012CB7A0F600AFE373 /* Resources */,
			);
			buildRules = (
			);
			dependencies = (
				B84C08052CB7A0F600AFE373 /* PBXTargetDependency */,
			);
			name = "AND-SOPT-iOSTests";
			productName = "AND-SOPT-iOSTests";
			productReference = B84C08032CB7A0F600AFE373 /* AND-SOPT-iOSTests.xctest */;
			productType = "com.apple.product-type.bundle.unit-test";
		};
		B84C080C2CB7A0F600AFE373 /* AND-SOPT-iOSUITests */ = {
			isa = PBXNativeTarget;
			buildConfigurationList = B84C081D2CB7A0F600AFE373 /* Build configuration list for PBXNativeTarget "AND-SOPT-iOSUITests" */;
			buildPhases = (
				B84C08092CB7A0F600AFE373 /* Sources */,
				B84C080A2CB7A0F600AFE373 /* Frameworks */,
				B84C080B2CB7A0F600AFE373 /* Resources */,
			);
			buildRules = (
			);
			dependencies = (
				B84C080F2CB7A0F600AFE373 /* PBXTargetDependency */,
			);
			name = "AND-SOPT-iOSUITests";
			productName = "AND-SOPT-iOSUITests";
			productReference = B84C080D2CB7A0F600AFE373 /* AND-SOPT-iOSUITests.xctest */;
			productType = "com.apple.product-type.bundle.ui-testing";
		};
/* End PBXNativeTarget section */

/* Begin PBXProject section */
		B84C07E52CB7A0F500AFE373 /* Project object */ = {
			isa = PBXProject;
			attributes = {
				BuildIndependentTargetsInParallel = 1;
				LastSwiftUpdateCheck = 1540;
				LastUpgradeCheck = 1540;
				TargetAttributes = {
					B84C07EC2CB7A0F500AFE373 = {
						CreatedOnToolsVersion = 15.4;
					};
					B84C08022CB7A0F600AFE373 = {
						CreatedOnToolsVersion = 15.4;
						TestTargetID = B84C07EC2CB7A0F500AFE373;
					};
					B84C080C2CB7A0F600AFE373 = {
						CreatedOnToolsVersion = 15.4;
						TestTargetID = B84C07EC2CB7A0F500AFE373;
					};
				};
			};
			buildConfigurationList = B84C07E82CB7A0F500AFE373 /* Build configuration list for PBXProject "AND-SOPT-iOS" */;
			compatibilityVersion = "Xcode 14.0";
			developmentRegion = en;
			hasScannedForEncodings = 0;
			knownRegions = (
				en,
				Base,
			);
			mainGroup = B84C07E42CB7A0F500AFE373;
			packageReferences = (
				B80ADC742CC25A2C005AC520 /* XCRemoteSwiftPackageReference "SnapKit" */,
				B888FFC32CD22BC4000A9D75 /* XCRemoteSwiftPackageReference "Then" */,
				B8E1EC132CDD06FE00F5C341 /* XCRemoteSwiftPackageReference "Alamofire" */,
			);
			productRefGroup = B84C07EE2CB7A0F500AFE373 /* Products */;
			projectDirPath = "";
			projectRoot = "";
			targets = (
				B84C07EC2CB7A0F500AFE373 /* AND-SOPT-iOS */,
				B84C08022CB7A0F600AFE373 /* AND-SOPT-iOSTests */,
				B84C080C2CB7A0F600AFE373 /* AND-SOPT-iOSUITests */,
			);
		};
/* End PBXProject section */

/* Begin PBXResourcesBuildPhase section */
		B84C07EB2CB7A0F500AFE373 /* Resources */ = {
			isa = PBXResourcesBuildPhase;
			buildActionMask = 2147483647;
			files = (
				B84C07FA2CB7A0F600AFE373 /* Assets.xcassets in Resources */,
				B84C07FD2CB7A0F600AFE373 /* Base in Resources */,
			);
			runOnlyForDeploymentPostprocessing = 0;
		};
		B84C08012CB7A0F600AFE373 /* Resources */ = {
			isa = PBXResourcesBuildPhase;
			buildActionMask = 2147483647;
			files = (
			);
			runOnlyForDeploymentPostprocessing = 0;
		};
		B84C080B2CB7A0F600AFE373 /* Resources */ = {
			isa = PBXResourcesBuildPhase;
			buildActionMask = 2147483647;
			files = (
			);
			runOnlyForDeploymentPostprocessing = 0;
		};
/* End PBXResourcesBuildPhase section */

/* Begin PBXSourcesBuildPhase section */
		B84C07E92CB7A0F500AFE373 /* Sources */ = {
			isa = PBXSourcesBuildPhase;
			buildActionMask = 2147483647;
			files = (
				B8E1EC4D2CDD396300F5C341 /* OtherHobbyView.swift in Sources */,
				B888FFEF2CD3CF5B000A9D75 /* PaidChartView.swift in Sources */,
				B888FFDE2CD29757000A9D75 /* RecommendationView.swift in Sources */,
				B84C07F12CB7A0F500AFE373 /* AppDelegate.swift in Sources */,
				B888FFE92CD37045000A9D75 /* EssentialFinancialApp.swift in Sources */,
				B8E1EC2A2CDD0FB500F5C341 /* SignUpViewController.swift in Sources */,
				B888FFF12CD3CF8B000A9D75 /* RankingApp.swift in Sources */,
				B80ADC732CC242BE005AC520 /* AppStoreTossMainViewController.swift in Sources */,
				B888FFE52CD2A07A000A9D75 /* RecommendationCell.swift in Sources */,
				B888FFCC2CD24FCF000A9D75 /* PreviewImageCell.swift in Sources */,
				B888FFE32CD29BC5000A9D75 /* Recommendation.swift in Sources */,
				B86B14D32CC9E30E00E025AF /* AppDescriptionView.swift in Sources */,
				B888FFD22CD25EF6000A9D75 /* DeveloperResponse.swift in Sources */,
				B888FFD02CD25D53000A9D75 /* Review.swift in Sources */,
				B8E1EC112CDCFB7300F5C341 /* HobbyViewController.swift in Sources */,
				B8E1EC192CDD0B5100F5C341 /* Environment.swift in Sources */,
				B8E1EC1D2CDD0C7F00F5C341 /* SignUpRequest.swift in Sources */,
				B86B14D52CC9E36F00E025AF /* RatingAndReviewView.swift in Sources */,
				B8E1EC582CDD5A4300F5C341 /* UserUpdateViewController.swift in Sources */,
				B8E1EC0B2CDCF5B500F5C341 /* TabBarController.swift in Sources */,
				B80ADC712CC24123005AC520 /* NickNameMainViewController.swift in Sources */,
				B8E1EC4F2CDD41B600F5C341 /* OtherHobbyService.swift in Sources */,
				B888FFAF2CD2083B000A9D75 /* CartCellTableViewController.swift in Sources */,
				B84C07F32CB7A0F500AFE373 /* SceneDelegate.swift in Sources */,
				B8B491722CDE2426004AD42E /* AuthService.swift in Sources */,
				B80ADC6F2CC24105005AC520 /* NickNameDetailViewController.swift in Sources */,
				B8E1EC402CDD28E400F5C341 /* NetworkUtils.swift in Sources */,
				B8E1EC462CDD352B00F5C341 /* HobbyResponse.swift in Sources */,
				B85C18EE2CC820E400B40A88 /* AllReviewsViewController.swift in Sources */,
				B888FFB12CD20843000A9D75 /* TableViewSeminarController.swift in Sources */,
				B888FFF52CD3E68A000A9D75 /* FreeChartView.swift in Sources */,
				B888FFF72CD3FB8E000A9D75 /* ChartViewController.swift in Sources */,
				B86B14D12CC9E2F400E025AF /* PreviewImageView.swift in Sources */,
				B8E1EC2E2CDD1AA100F5C341 /* LoginRequest.swift in Sources */,
				B86B14CB2CC9E0ED00E025AF /* AppInfoHeaderView.swift in Sources */,
				B8E1EC542CDD4DE500F5C341 /* UserInfoUpdateView.swift in Sources */,
				B80ADC7A2CC35E3F005AC520 /* UIStackView+.swift in Sources */,
				B8E1EC372CDD231400F5C341 /* TokenResponse.swift in Sources */,
				B888FFDA2CD296CC000A9D75 /* FinancialTabMainViewController.swift in Sources */,
				B86B14CF2CC9E2CD00E025AF /* NewNewsView.swift in Sources */,
				B8EA8DDC2CD0A2A800E8AAD3 /* AppInfoText.swift in Sources */,
				B8E1EC3E2CDD24DD00F5C341 /* LoginViewController.swift in Sources */,
				B86B14CD2CC9E29200E025AF /* AppInfoSummaryView.swift in Sources */,
				B8E1EC422CDD2B2400F5C341 /* MyHobbyView.swift in Sources */,
				B888FFB62CD2084D000A9D75 /* PhotoViewController.swift in Sources */,
				B888FFB72CD2084D000A9D75 /* Photo.swift in Sources */,
				B8E1EC512CDD4C6300F5C341 /* UserInfoUpdateRequest.swift in Sources */,
				B888FFB82CD2084D000A9D75 /* PhotoCell.swift in Sources */,
				B8E1EC282CDD0F5F00F5C341 /* UserService.swift in Sources */,
				B8E1EC332CDD1BCB00F5C341 /* LoginResponse.swift in Sources */,
				B8E1EC352CDD211400F5C341 /* KeychainManager.swift in Sources */,
				B888FFF32CD3D9CA000A9D75 /* RankAppCollectionCell.swift in Sources */,
				B888FFBE2CD2085B000A9D75 /* ChartController.swift in Sources */,
				B888FFCA2CD24F10000A9D75 /* PreviewImage.swift in Sources */,
				B888FFED2CD37AF5000A9D75 /* EssentialFinancialCell.swift in Sources */,
				B888FFBF2CD2085B000A9D75 /* App.swift in Sources */,
				B888FFC02CD2085B000A9D75 /* ChartCell.swift in Sources */,
				B8E1EC492CDD356A00F5C341 /* MyHobbyService.swift in Sources */,
				B888FFC12CD2085B000A9D75 /* DownloadState.swift in Sources */,
				B888FFD42CD262AC000A9D75 /* ReviewCell.swift in Sources */,
				B8E1EC4B2CDD385600F5C341 /* HobbyData.swift in Sources */,
				B8E1EC5A2CDD5BA300F5C341 /* UserUpdateGuideView.swift in Sources */,
				B888FFE72CD36875000A9D75 /* EssentialFinancialView.swift in Sources */,
				B8E1EC2C2CDD10D100F5C341 /* SignUpView.swift in Sources */,
				B8E1EC1B2CDD0B6E00F5C341 /* NetworkError.swift in Sources */,
				B888FFF92CD40BC5000A9D75 /* RankAppTableCell.swift in Sources */,
				B8E1EC3C2CDD24C400F5C341 /* LoginView.swift in Sources */,
				B85C18EC2CC820D800B40A88 /* VersionRecordViewController.swift in Sources */,
				B84036842CBC3389004AAAB4 /* UIView+.swift in Sources */,
			);
			runOnlyForDeploymentPostprocessing = 0;
		};
		B84C07FF2CB7A0F600AFE373 /* Sources */ = {
			isa = PBXSourcesBuildPhase;
			buildActionMask = 2147483647;
			files = (
				B84C08082CB7A0F600AFE373 /* AND_SOPT_iOSTests.swift in Sources */,
			);
			runOnlyForDeploymentPostprocessing = 0;
		};
		B84C08092CB7A0F600AFE373 /* Sources */ = {
			isa = PBXSourcesBuildPhase;
			buildActionMask = 2147483647;
			files = (
				B84C08142CB7A0F600AFE373 /* AND_SOPT_iOSUITestsLaunchTests.swift in Sources */,
				B84C08122CB7A0F600AFE373 /* AND_SOPT_iOSUITests.swift in Sources */,
			);
			runOnlyForDeploymentPostprocessing = 0;
		};
/* End PBXSourcesBuildPhase section */

/* Begin PBXTargetDependency section */
		B84C08052CB7A0F600AFE373 /* PBXTargetDependency */ = {
			isa = PBXTargetDependency;
			target = B84C07EC2CB7A0F500AFE373 /* AND-SOPT-iOS */;
			targetProxy = B84C08042CB7A0F600AFE373 /* PBXContainerItemProxy */;
		};
		B84C080F2CB7A0F600AFE373 /* PBXTargetDependency */ = {
			isa = PBXTargetDependency;
			target = B84C07EC2CB7A0F500AFE373 /* AND-SOPT-iOS */;
			targetProxy = B84C080E2CB7A0F600AFE373 /* PBXContainerItemProxy */;
		};
/* End PBXTargetDependency section */

/* Begin PBXVariantGroup section */
		B84C07FB2CB7A0F600AFE373 /* LaunchScreen.storyboard */ = {
			isa = PBXVariantGroup;
			children = (
				B84C07FC2CB7A0F600AFE373 /* Base */,
			);
			name = LaunchScreen.storyboard;
			sourceTree = "<group>";
		};
/* End PBXVariantGroup section */

/* Begin XCBuildConfiguration section */
		B84C08152CB7A0F600AFE373 /* Debug */ = {
			isa = XCBuildConfiguration;
			baseConfigurationReference = B8E1EC162CDD098500F5C341 /* Config.xcconfig */;
			buildSettings = {
				ALWAYS_SEARCH_USER_PATHS = NO;
				ASSETCATALOG_COMPILER_GENERATE_SWIFT_ASSET_SYMBOL_EXTENSIONS = YES;
				CLANG_ANALYZER_NONNULL = YES;
				CLANG_ANALYZER_NUMBER_OBJECT_CONVERSION = YES_AGGRESSIVE;
				CLANG_CXX_LANGUAGE_STANDARD = "gnu++20";
				CLANG_ENABLE_MODULES = YES;
				CLANG_ENABLE_OBJC_ARC = YES;
				CLANG_ENABLE_OBJC_WEAK = YES;
				CLANG_WARN_BLOCK_CAPTURE_AUTORELEASING = YES;
				CLANG_WARN_BOOL_CONVERSION = YES;
				CLANG_WARN_COMMA = YES;
				CLANG_WARN_CONSTANT_CONVERSION = YES;
				CLANG_WARN_DEPRECATED_OBJC_IMPLEMENTATIONS = YES;
				CLANG_WARN_DIRECT_OBJC_ISA_USAGE = YES_ERROR;
				CLANG_WARN_DOCUMENTATION_COMMENTS = YES;
				CLANG_WARN_EMPTY_BODY = YES;
				CLANG_WARN_ENUM_CONVERSION = YES;
				CLANG_WARN_INFINITE_RECURSION = YES;
				CLANG_WARN_INT_CONVERSION = YES;
				CLANG_WARN_NON_LITERAL_NULL_CONVERSION = YES;
				CLANG_WARN_OBJC_IMPLICIT_RETAIN_SELF = YES;
				CLANG_WARN_OBJC_LITERAL_CONVERSION = YES;
				CLANG_WARN_OBJC_ROOT_CLASS = YES_ERROR;
				CLANG_WARN_QUOTED_INCLUDE_IN_FRAMEWORK_HEADER = YES;
				CLANG_WARN_RANGE_LOOP_ANALYSIS = YES;
				CLANG_WARN_STRICT_PROTOTYPES = YES;
				CLANG_WARN_SUSPICIOUS_MOVE = YES;
				CLANG_WARN_UNGUARDED_AVAILABILITY = YES_AGGRESSIVE;
				CLANG_WARN_UNREACHABLE_CODE = YES;
				CLANG_WARN__DUPLICATE_METHOD_MATCH = YES;
				COPY_PHASE_STRIP = NO;
				DEBUG_INFORMATION_FORMAT = dwarf;
				ENABLE_STRICT_OBJC_MSGSEND = YES;
				ENABLE_TESTABILITY = YES;
				ENABLE_USER_SCRIPT_SANDBOXING = YES;
				GCC_C_LANGUAGE_STANDARD = gnu17;
				GCC_DYNAMIC_NO_PIC = NO;
				GCC_NO_COMMON_BLOCKS = YES;
				GCC_OPTIMIZATION_LEVEL = 0;
				GCC_PREPROCESSOR_DEFINITIONS = (
					"DEBUG=1",
					"$(inherited)",
				);
				GCC_WARN_64_TO_32_BIT_CONVERSION = YES;
				GCC_WARN_ABOUT_RETURN_TYPE = YES_ERROR;
				GCC_WARN_UNDECLARED_SELECTOR = YES;
				GCC_WARN_UNINITIALIZED_AUTOS = YES_AGGRESSIVE;
				GCC_WARN_UNUSED_FUNCTION = YES;
				GCC_WARN_UNUSED_VARIABLE = YES;
				IPHONEOS_DEPLOYMENT_TARGET = 17.5;
				LOCALIZATION_PREFERS_STRING_CATALOGS = YES;
				MTL_ENABLE_DEBUG_INFO = INCLUDE_SOURCE;
				MTL_FAST_MATH = YES;
				ONLY_ACTIVE_ARCH = YES;
				SDKROOT = iphoneos;
				SWIFT_ACTIVE_COMPILATION_CONDITIONS = "DEBUG $(inherited)";
				SWIFT_OPTIMIZATION_LEVEL = "-Onone";
			};
			name = Debug;
		};
		B84C08162CB7A0F600AFE373 /* Release */ = {
			isa = XCBuildConfiguration;
			baseConfigurationReference = B8E1EC162CDD098500F5C341 /* Config.xcconfig */;
			buildSettings = {
				ALWAYS_SEARCH_USER_PATHS = NO;
				ASSETCATALOG_COMPILER_GENERATE_SWIFT_ASSET_SYMBOL_EXTENSIONS = YES;
				CLANG_ANALYZER_NONNULL = YES;
				CLANG_ANALYZER_NUMBER_OBJECT_CONVERSION = YES_AGGRESSIVE;
				CLANG_CXX_LANGUAGE_STANDARD = "gnu++20";
				CLANG_ENABLE_MODULES = YES;
				CLANG_ENABLE_OBJC_ARC = YES;
				CLANG_ENABLE_OBJC_WEAK = YES;
				CLANG_WARN_BLOCK_CAPTURE_AUTORELEASING = YES;
				CLANG_WARN_BOOL_CONVERSION = YES;
				CLANG_WARN_COMMA = YES;
				CLANG_WARN_CONSTANT_CONVERSION = YES;
				CLANG_WARN_DEPRECATED_OBJC_IMPLEMENTATIONS = YES;
				CLANG_WARN_DIRECT_OBJC_ISA_USAGE = YES_ERROR;
				CLANG_WARN_DOCUMENTATION_COMMENTS = YES;
				CLANG_WARN_EMPTY_BODY = YES;
				CLANG_WARN_ENUM_CONVERSION = YES;
				CLANG_WARN_INFINITE_RECURSION = YES;
				CLANG_WARN_INT_CONVERSION = YES;
				CLANG_WARN_NON_LITERAL_NULL_CONVERSION = YES;
				CLANG_WARN_OBJC_IMPLICIT_RETAIN_SELF = YES;
				CLANG_WARN_OBJC_LITERAL_CONVERSION = YES;
				CLANG_WARN_OBJC_ROOT_CLASS = YES_ERROR;
				CLANG_WARN_QUOTED_INCLUDE_IN_FRAMEWORK_HEADER = YES;
				CLANG_WARN_RANGE_LOOP_ANALYSIS = YES;
				CLANG_WARN_STRICT_PROTOTYPES = YES;
				CLANG_WARN_SUSPICIOUS_MOVE = YES;
				CLANG_WARN_UNGUARDED_AVAILABILITY = YES_AGGRESSIVE;
				CLANG_WARN_UNREACHABLE_CODE = YES;
				CLANG_WARN__DUPLICATE_METHOD_MATCH = YES;
				COPY_PHASE_STRIP = NO;
				DEBUG_INFORMATION_FORMAT = "dwarf-with-dsym";
				ENABLE_NS_ASSERTIONS = NO;
				ENABLE_STRICT_OBJC_MSGSEND = YES;
				ENABLE_USER_SCRIPT_SANDBOXING = YES;
				GCC_C_LANGUAGE_STANDARD = gnu17;
				GCC_NO_COMMON_BLOCKS = YES;
				GCC_WARN_64_TO_32_BIT_CONVERSION = YES;
				GCC_WARN_ABOUT_RETURN_TYPE = YES_ERROR;
				GCC_WARN_UNDECLARED_SELECTOR = YES;
				GCC_WARN_UNINITIALIZED_AUTOS = YES_AGGRESSIVE;
				GCC_WARN_UNUSED_FUNCTION = YES;
				GCC_WARN_UNUSED_VARIABLE = YES;
				IPHONEOS_DEPLOYMENT_TARGET = 17.5;
				LOCALIZATION_PREFERS_STRING_CATALOGS = YES;
				MTL_ENABLE_DEBUG_INFO = NO;
				MTL_FAST_MATH = YES;
				SDKROOT = iphoneos;
				SWIFT_COMPILATION_MODE = wholemodule;
				VALIDATE_PRODUCT = YES;
			};
			name = Release;
		};
		B84C08182CB7A0F600AFE373 /* Debug */ = {
			isa = XCBuildConfiguration;
			buildSettings = {
				ASSETCATALOG_COMPILER_APPICON_NAME = AppIcon;
				ASSETCATALOG_COMPILER_GLOBAL_ACCENT_COLOR_NAME = AccentColor;
				CODE_SIGN_STYLE = Automatic;
				CURRENT_PROJECT_VERSION = 1;
				GENERATE_INFOPLIST_FILE = YES;
				INFOPLIST_FILE = "AND-SOPT-iOS/Info.plist";
				INFOPLIST_KEY_UIApplicationSupportsIndirectInputEvents = YES;
				INFOPLIST_KEY_UILaunchStoryboardName = LaunchScreen;
				INFOPLIST_KEY_UIMainStoryboardFile = "";
				INFOPLIST_KEY_UISupportedInterfaceOrientations_iPad = "UIInterfaceOrientationPortrait UIInterfaceOrientationPortraitUpsideDown UIInterfaceOrientationLandscapeLeft UIInterfaceOrientationLandscapeRight";
				INFOPLIST_KEY_UISupportedInterfaceOrientations_iPhone = "UIInterfaceOrientationPortrait UIInterfaceOrientationLandscapeLeft UIInterfaceOrientationLandscapeRight";
				LD_RUNPATH_SEARCH_PATHS = (
					"$(inherited)",
					"@executable_path/Frameworks",
				);
				MARKETING_VERSION = 1.0;
				PRODUCT_BUNDLE_IDENTIFIER = "com.35th.AND-SOPT-iOS";
				PRODUCT_NAME = "$(TARGET_NAME)";
				SWIFT_EMIT_LOC_STRINGS = YES;
				SWIFT_VERSION = 5.0;
				TARGETED_DEVICE_FAMILY = "1,2";
			};
			name = Debug;
		};
		B84C08192CB7A0F600AFE373 /* Release */ = {
			isa = XCBuildConfiguration;
			buildSettings = {
				ASSETCATALOG_COMPILER_APPICON_NAME = AppIcon;
				ASSETCATALOG_COMPILER_GLOBAL_ACCENT_COLOR_NAME = AccentColor;
				CODE_SIGN_STYLE = Automatic;
				CURRENT_PROJECT_VERSION = 1;
				GENERATE_INFOPLIST_FILE = YES;
				INFOPLIST_FILE = "AND-SOPT-iOS/Info.plist";
				INFOPLIST_KEY_UIApplicationSupportsIndirectInputEvents = YES;
				INFOPLIST_KEY_UILaunchStoryboardName = LaunchScreen;
				INFOPLIST_KEY_UIMainStoryboardFile = "";
				INFOPLIST_KEY_UISupportedInterfaceOrientations_iPad = "UIInterfaceOrientationPortrait UIInterfaceOrientationPortraitUpsideDown UIInterfaceOrientationLandscapeLeft UIInterfaceOrientationLandscapeRight";
				INFOPLIST_KEY_UISupportedInterfaceOrientations_iPhone = "UIInterfaceOrientationPortrait UIInterfaceOrientationLandscapeLeft UIInterfaceOrientationLandscapeRight";
				LD_RUNPATH_SEARCH_PATHS = (
					"$(inherited)",
					"@executable_path/Frameworks",
				);
				MARKETING_VERSION = 1.0;
				PRODUCT_BUNDLE_IDENTIFIER = "com.35th.AND-SOPT-iOS";
				PRODUCT_NAME = "$(TARGET_NAME)";
				SWIFT_EMIT_LOC_STRINGS = YES;
				SWIFT_VERSION = 5.0;
				TARGETED_DEVICE_FAMILY = "1,2";
			};
			name = Release;
		};
		B84C081B2CB7A0F600AFE373 /* Debug */ = {
			isa = XCBuildConfiguration;
			buildSettings = {
				ALWAYS_EMBED_SWIFT_STANDARD_LIBRARIES = YES;
				BUNDLE_LOADER = "$(TEST_HOST)";
				CODE_SIGN_STYLE = Automatic;
				CURRENT_PROJECT_VERSION = 1;
				GENERATE_INFOPLIST_FILE = YES;
				IPHONEOS_DEPLOYMENT_TARGET = 17.5;
				MARKETING_VERSION = 1.0;
				PRODUCT_BUNDLE_IDENTIFIER = "com.35th.AND-SOPT-iOSTests";
				PRODUCT_NAME = "$(TARGET_NAME)";
				SWIFT_EMIT_LOC_STRINGS = NO;
				SWIFT_VERSION = 5.0;
				TARGETED_DEVICE_FAMILY = "1,2";
				TEST_HOST = "$(BUILT_PRODUCTS_DIR)/AND-SOPT-iOS.app/$(BUNDLE_EXECUTABLE_FOLDER_PATH)/AND-SOPT-iOS";
			};
			name = Debug;
		};
		B84C081C2CB7A0F600AFE373 /* Release */ = {
			isa = XCBuildConfiguration;
			buildSettings = {
				ALWAYS_EMBED_SWIFT_STANDARD_LIBRARIES = YES;
				BUNDLE_LOADER = "$(TEST_HOST)";
				CODE_SIGN_STYLE = Automatic;
				CURRENT_PROJECT_VERSION = 1;
				GENERATE_INFOPLIST_FILE = YES;
				IPHONEOS_DEPLOYMENT_TARGET = 17.5;
				MARKETING_VERSION = 1.0;
				PRODUCT_BUNDLE_IDENTIFIER = "com.35th.AND-SOPT-iOSTests";
				PRODUCT_NAME = "$(TARGET_NAME)";
				SWIFT_EMIT_LOC_STRINGS = NO;
				SWIFT_VERSION = 5.0;
				TARGETED_DEVICE_FAMILY = "1,2";
				TEST_HOST = "$(BUILT_PRODUCTS_DIR)/AND-SOPT-iOS.app/$(BUNDLE_EXECUTABLE_FOLDER_PATH)/AND-SOPT-iOS";
			};
			name = Release;
		};
		B84C081E2CB7A0F600AFE373 /* Debug */ = {
			isa = XCBuildConfiguration;
			buildSettings = {
				ALWAYS_EMBED_SWIFT_STANDARD_LIBRARIES = YES;
				CODE_SIGN_STYLE = Automatic;
				CURRENT_PROJECT_VERSION = 1;
				GENERATE_INFOPLIST_FILE = YES;
				MARKETING_VERSION = 1.0;
				PRODUCT_BUNDLE_IDENTIFIER = "com.35th.AND-SOPT-iOSUITests";
				PRODUCT_NAME = "$(TARGET_NAME)";
				SWIFT_EMIT_LOC_STRINGS = NO;
				SWIFT_VERSION = 5.0;
				TARGETED_DEVICE_FAMILY = "1,2";
				TEST_TARGET_NAME = "AND-SOPT-iOS";
			};
			name = Debug;
		};
		B84C081F2CB7A0F600AFE373 /* Release */ = {
			isa = XCBuildConfiguration;
			buildSettings = {
				ALWAYS_EMBED_SWIFT_STANDARD_LIBRARIES = YES;
				CODE_SIGN_STYLE = Automatic;
				CURRENT_PROJECT_VERSION = 1;
				GENERATE_INFOPLIST_FILE = YES;
				MARKETING_VERSION = 1.0;
				PRODUCT_BUNDLE_IDENTIFIER = "com.35th.AND-SOPT-iOSUITests";
				PRODUCT_NAME = "$(TARGET_NAME)";
				SWIFT_EMIT_LOC_STRINGS = NO;
				SWIFT_VERSION = 5.0;
				TARGETED_DEVICE_FAMILY = "1,2";
				TEST_TARGET_NAME = "AND-SOPT-iOS";
			};
			name = Release;
		};
/* End XCBuildConfiguration section */

/* Begin XCConfigurationList section */
		B84C07E82CB7A0F500AFE373 /* Build configuration list for PBXProject "AND-SOPT-iOS" */ = {
			isa = XCConfigurationList;
			buildConfigurations = (
				B84C08152CB7A0F600AFE373 /* Debug */,
				B84C08162CB7A0F600AFE373 /* Release */,
			);
			defaultConfigurationIsVisible = 0;
			defaultConfigurationName = Release;
		};
		B84C08172CB7A0F600AFE373 /* Build configuration list for PBXNativeTarget "AND-SOPT-iOS" */ = {
			isa = XCConfigurationList;
			buildConfigurations = (
				B84C08182CB7A0F600AFE373 /* Debug */,
				B84C08192CB7A0F600AFE373 /* Release */,
			);
			defaultConfigurationIsVisible = 0;
			defaultConfigurationName = Release;
		};
		B84C081A2CB7A0F600AFE373 /* Build configuration list for PBXNativeTarget "AND-SOPT-iOSTests" */ = {
			isa = XCConfigurationList;
			buildConfigurations = (
				B84C081B2CB7A0F600AFE373 /* Debug */,
				B84C081C2CB7A0F600AFE373 /* Release */,
			);
			defaultConfigurationIsVisible = 0;
			defaultConfigurationName = Release;
		};
		B84C081D2CB7A0F600AFE373 /* Build configuration list for PBXNativeTarget "AND-SOPT-iOSUITests" */ = {
			isa = XCConfigurationList;
			buildConfigurations = (
				B84C081E2CB7A0F600AFE373 /* Debug */,
				B84C081F2CB7A0F600AFE373 /* Release */,
			);
			defaultConfigurationIsVisible = 0;
			defaultConfigurationName = Release;
		};
/* End XCConfigurationList section */

/* Begin XCRemoteSwiftPackageReference section */
		B80ADC742CC25A2C005AC520 /* XCRemoteSwiftPackageReference "SnapKit" */ = {
			isa = XCRemoteSwiftPackageReference;
			repositoryURL = "https://github.com/SnapKit/SnapKit.git";
			requirement = {
				kind = upToNextMajorVersion;
				minimumVersion = 5.7.1;
			};
		};
		B888FFC32CD22BC4000A9D75 /* XCRemoteSwiftPackageReference "Then" */ = {
			isa = XCRemoteSwiftPackageReference;
			repositoryURL = "https://github.com/devxoul/Then";
			requirement = {
				kind = upToNextMajorVersion;
				minimumVersion = 3.0.0;
			};
		};
		B8E1EC132CDD06FE00F5C341 /* XCRemoteSwiftPackageReference "Alamofire" */ = {
			isa = XCRemoteSwiftPackageReference;
			repositoryURL = "https://github.com/Alamofire/Alamofire";
			requirement = {
				kind = upToNextMajorVersion;
				minimumVersion = 5.10.1;
			};
		};
/* End XCRemoteSwiftPackageReference section */

/* Begin XCSwiftPackageProductDependency section */
		B80ADC752CC25A2C005AC520 /* SnapKit */ = {
			isa = XCSwiftPackageProductDependency;
			package = B80ADC742CC25A2C005AC520 /* XCRemoteSwiftPackageReference "SnapKit" */;
			productName = SnapKit;
		};
		B888FFC42CD22BC4000A9D75 /* Then */ = {
			isa = XCSwiftPackageProductDependency;
			package = B888FFC32CD22BC4000A9D75 /* XCRemoteSwiftPackageReference "Then" */;
			productName = Then;
		};
		B8E1EC142CDD06FE00F5C341 /* Alamofire */ = {
			isa = XCSwiftPackageProductDependency;
			package = B8E1EC132CDD06FE00F5C341 /* XCRemoteSwiftPackageReference "Alamofire" */;
			productName = Alamofire;
		};
/* End XCSwiftPackageProductDependency section */
	};
	rootObject = B84C07E52CB7A0F500AFE373 /* Project object */;
}
